
Microsoft Visual Studio Solution File, Format Version 12.00
# Visual Studio Version 17
VisualStudioVersion = 17.8.34322.80
MinimumVisualStudioVersion = 10.0.40219.1
Project("{FAE04EC0-301F-11D3-BF4B-00C04F79EFBC}") = "TheForce_Psycast", "TheForce_Psycast\TheForce_Psycast.csproj", "{17F347FC-702B-4D07-A0A9-A835CC05266A}"
EndProject
Project("{2150E333-8FDC-42A3-9474-1A3956D46DE8}") = "Force Psycasts", "Force Psycasts", "{64BB7C83-CF24-43F2-8344-823F9D81CC6C}"
EndProject
Project("{FAE04EC0-301F-11D3-BF4B-00C04F79EFBC}") = "CrystalFormations", "CrystalFormations\CrystalFormations.csproj", "{94D26816-CE67-4897-9BE3-7A1D1776BAD9}"
EndProject
Project("{FAE04EC0-301F-11D3-BF4B-00C04F79EFBC}") = "MeleeAnimPatch_ForcePsycast", "MeleeAnimPatch\MeleeAnimPatch_ForcePsycast.csproj", "{CF903D3E-AA71-4C1D-8716-2251E7A1650D}"
EndProject
Project("{FAE04EC0-301F-11D3-BF4B-00C04F79EFBC}") = "TheForce_ItsSorcery", "TheForce_ItsSorcery\TheForce_ItsSorcery.csproj", "{2110FA43-6CDE-4C55-9E74-9F77791C971B}"
EndProject
Project("{FAE04EC0-301F-11D3-BF4B-00C04F79EFBC}") = "ModularWeapon_Patch", "ModularWeapon_Patch\ModularWeapon_Patch.csproj", "{BFDC2D8C-B8CC-4534-ADFC-97E3655EB8AB}"
EndProject
Project("{FAE04EC0-301F-11D3-BF4B-00C04F79EFBC}") = "Force_CEPatch", "Force_CEPatch\Force_CEPatch.csproj", "{991D6F91-2603-411B-A034-6215399BE4E0}"
EndProject
Project("{FAE04EC0-301F-11D3-BF4B-00C04F79EFBC}") = "SpinningProjectile", "Spinning Projectile\SpinningProjectile.csproj", "{A8977936-C902-43BA-81CE-6DBD8338803C}"
EndProject
Project("{2150E333-8FDC-42A3-9474-1A3956D46DE8}") = "SideProjects", "SideProjects", "{83637E1F-FAC2-4F42-867E-B052AF39E39E}"
EndProject
Project("{FAE04EC0-301F-11D3-BF4B-00C04F79EFBC}") = "XenotypeDialogChanger", "XenotypeDialogChanger\XenotypeDialogChanger.csproj", "{183E85B1-DC68-4B29-BA0E-E68B4F7A1102}"
EndProject
Project("{FAE04EC0-301F-11D3-BF4B-00C04F79EFBC}") = "KoltoTank", "..\KoltoTank\KoltoTank\KoltoTank.csproj", "{D2005B47-C4CC-420C-BF5E-498259CD642E}"
EndProject
Project("{FAE04EC0-301F-11D3-BF4B-00C04F79EFBC}") = "BackstoryPicker", "BackstoryPicker\BackstoryPicker.csproj", "{040389B8-E2F2-42D4-8286-BF512C040E8B}"
EndProject
Project("{FAE04EC0-301F-11D3-BF4B-00C04F79EFBC}") = "AthenaPostFix", "AthenaPostFix\AthenaPostFix.csproj", "{0CD12660-1322-4642-8C1D-112ACD5A11F3}"
EndProject
Global
	GlobalSection(SolutionConfigurationPlatforms) = preSolution
		Debug|Any CPU = Debug|Any CPU
		Release|Any CPU = Release|Any CPU
	EndGlobalSection
	GlobalSection(ProjectConfigurationPlatforms) = postSolution
		{17F347FC-702B-4D07-A0A9-A835CC05266A}.Debug|Any CPU.ActiveCfg = Debug|Any CPU
		{17F347FC-702B-4D07-A0A9-A835CC05266A}.Debug|Any CPU.Build.0 = Debug|Any CPU
		{17F347FC-702B-4D07-A0A9-A835CC05266A}.Release|Any CPU.ActiveCfg = Release|Any CPU
		{17F347FC-702B-4D07-A0A9-A835CC05266A}.Release|Any CPU.Build.0 = Release|Any CPU
		{94D26816-CE67-4897-9BE3-7A1D1776BAD9}.Debug|Any CPU.ActiveCfg = Debug|Any CPU
		{94D26816-CE67-4897-9BE3-7A1D1776BAD9}.Debug|Any CPU.Build.0 = Debug|Any CPU
		{94D26816-CE67-4897-9BE3-7A1D1776BAD9}.Release|Any CPU.ActiveCfg = Release|Any CPU
		{94D26816-CE67-4897-9BE3-7A1D1776BAD9}.Release|Any CPU.Build.0 = Release|Any CPU
		{CF903D3E-AA71-4C1D-8716-2251E7A1650D}.Debug|Any CPU.ActiveCfg = Debug|Any CPU
		{CF903D3E-AA71-4C1D-8716-2251E7A1650D}.Debug|Any CPU.Build.0 = Debug|Any CPU
		{CF903D3E-AA71-4C1D-8716-2251E7A1650D}.Release|Any CPU.ActiveCfg = Release|Any CPU
		{CF903D3E-AA71-4C1D-8716-2251E7A1650D}.Release|Any CPU.Build.0 = Release|Any CPU
		{2110FA43-6CDE-4C55-9E74-9F77791C971B}.Debug|Any CPU.ActiveCfg = Debug|Any CPU
		{2110FA43-6CDE-4C55-9E74-9F77791C971B}.Debug|Any CPU.Build.0 = Debug|Any CPU
		{2110FA43-6CDE-4C55-9E74-9F77791C971B}.Release|Any CPU.ActiveCfg = Release|Any CPU
		{2110FA43-6CDE-4C55-9E74-9F77791C971B}.Release|Any CPU.Build.0 = Release|Any CPU
		{BFDC2D8C-B8CC-4534-ADFC-97E3655EB8AB}.Debug|Any CPU.ActiveCfg = Debug|Any CPU
		{BFDC2D8C-B8CC-4534-ADFC-97E3655EB8AB}.Debug|Any CPU.Build.0 = Debug|Any CPU
		{BFDC2D8C-B8CC-4534-ADFC-97E3655EB8AB}.Release|Any CPU.ActiveCfg = Release|Any CPU
		{BFDC2D8C-B8CC-4534-ADFC-97E3655EB8AB}.Release|Any CPU.Build.0 = Release|Any CPU
		{991D6F91-2603-411B-A034-6215399BE4E0}.Debug|Any CPU.ActiveCfg = Debug|Any CPU
		{991D6F91-2603-411B-A034-6215399BE4E0}.Debug|Any CPU.Build.0 = Debug|Any CPU
		{991D6F91-2603-411B-A034-6215399BE4E0}.Release|Any CPU.ActiveCfg = Release|Any CPU
		{991D6F91-2603-411B-A034-6215399BE4E0}.Release|Any CPU.Build.0 = Release|Any CPU
		{A8977936-C902-43BA-81CE-6DBD8338803C}.Debug|Any CPU.ActiveCfg = Debug|Any CPU
		{A8977936-C902-43BA-81CE-6DBD8338803C}.Debug|Any CPU.Build.0 = Debug|Any CPU
		{A8977936-C902-43BA-81CE-6DBD8338803C}.Release|Any CPU.ActiveCfg = Release|Any CPU
		{A8977936-C902-43BA-81CE-6DBD8338803C}.Release|Any CPU.Build.0 = Release|Any CPU
		{183E85B1-DC68-4B29-BA0E-E68B4F7A1102}.Debug|Any CPU.ActiveCfg = Debug|Any CPU
		{183E85B1-DC68-4B29-BA0E-E68B4F7A1102}.Debug|Any CPU.Build.0 = Debug|Any CPU
		{183E85B1-DC68-4B29-BA0E-E68B4F7A1102}.Release|Any CPU.ActiveCfg = Release|Any CPU
		{183E85B1-DC68-4B29-BA0E-E68B4F7A1102}.Release|Any CPU.Build.0 = Release|Any CPU
		{D2005B47-C4CC-420C-BF5E-498259CD642E}.Debug|Any CPU.ActiveCfg = Debug|Any CPU
		{D2005B47-C4CC-420C-BF5E-498259CD642E}.Debug|Any CPU.Build.0 = Debug|Any CPU
		{D2005B47-C4CC-420C-BF5E-498259CD642E}.Release|Any CPU.ActiveCfg = Release|Any CPU
		{D2005B47-C4CC-420C-BF5E-498259CD642E}.Release|Any CPU.Build.0 = Release|Any CPU
		{040389B8-E2F2-42D4-8286-BF512C040E8B}.Debug|Any CPU.ActiveCfg = Debug|Any CPU
		{040389B8-E2F2-42D4-8286-BF512C040E8B}.Debug|Any CPU.Build.0 = Debug|Any CPU
		{040389B8-E2F2-42D4-8286-BF512C040E8B}.Release|Any CPU.ActiveCfg = Release|Any CPU
		{040389B8-E2F2-42D4-8286-BF512C040E8B}.Release|Any CPU.Build.0 = Release|Any CPU
		{0CD12660-1322-4642-8C1D-112ACD5A11F3}.Debug|Any CPU.ActiveCfg = Debug|Any CPU
		{0CD12660-1322-4642-8C1D-112ACD5A11F3}.Debug|Any CPU.Build.0 = Debug|Any CPU
		{0CD12660-1322-4642-8C1D-112ACD5A11F3}.Release|Any CPU.ActiveCfg = Release|Any CPU
		{0CD12660-1322-4642-8C1D-112ACD5A11F3}.Release|Any CPU.Build.0 = Release|Any CPU
	EndGlobalSection
	GlobalSection(SolutionProperties) = preSolution
		HideSolutionNode = FALSE
	EndGlobalSection
	GlobalSection(NestedProjects) = preSolution
		{17F347FC-702B-4D07-A0A9-A835CC05266A} = {64BB7C83-CF24-43F2-8344-823F9D81CC6C}
		{94D26816-CE67-4897-9BE3-7A1D1776BAD9} = {83637E1F-FAC2-4F42-867E-B052AF39E39E}
		{CF903D3E-AA71-4C1D-8716-2251E7A1650D} = {64BB7C83-CF24-43F2-8344-823F9D81CC6C}
		{2110FA43-6CDE-4C55-9E74-9F77791C971B} = {83637E1F-FAC2-4F42-867E-B052AF39E39E}
		{BFDC2D8C-B8CC-4534-ADFC-97E3655EB8AB} = {64BB7C83-CF24-43F2-8344-823F9D81CC6C}
		{991D6F91-2603-411B-A034-6215399BE4E0} = {64BB7C83-CF24-43F2-8344-823F9D81CC6C}
		{A8977936-C902-43BA-81CE-6DBD8338803C} = {83637E1F-FAC2-4F42-867E-B052AF39E39E}
		{183E85B1-DC68-4B29-BA0E-E68B4F7A1102} = {83637E1F-FAC2-4F42-867E-B052AF39E39E}
		{D2005B47-C4CC-420C-BF5E-498259CD642E} = {83637E1F-FAC2-4F42-867E-B052AF39E39E}
		{040389B8-E2F2-42D4-8286-BF512C040E8B} = {83637E1F-FAC2-4F42-867E-B052AF39E39E}
		{0CD12660-1322-4642-8C1D-112ACD5A11F3} = {83637E1F-FAC2-4F42-867E-B052AF39E39E}
	EndGlobalSection
	GlobalSection(ExtensibilityGlobals) = postSolution
		SolutionGuid = {ADD9DC44-F0C5-4CF6-8DA6-7E82902045DC}
	EndGlobalSection
EndGlobal
